{
  "nodes": {
    "nixpkgs": {
      "locked": {
        "lastModified": 1659219666,
        "narHash": "sha256-pzYr5fokQPHv7CmUXioOhhzDy/XyWOIXP4LZvv/T7Mk=",
        "owner": "nixos",
        "repo": "nixpkgs",
        "rev": "7b9be38c7250b22d829ab6effdee90d5e40c6e5c",
        "type": "github"
      },
      "original": {
        "owner": "nixos",
        "repo": "nixpkgs",
        "type": "github"
      }
    },
    "nixpkgs-pyanrfutil": {
      "locked": {
        "lastModified": 1656541954,
        "narHash": "sha256-xYbo10T+TOM//pH6z0HDf3Xa8AKy3AEXLeuKR5tVdoE=",
        "owner": "StarGate01",
        "repo": "nixpkgs",
        "rev": "de7f02a48fb5790409af907829a3a5f15e53b4cf",
        "type": "github"
      },
      "original": {
        "owner": "StarGate01",
        "ref": "pyanrfutil",
        "repo": "nixpkgs",
        "type": "github"
      }
    },
    "root": {
      "inputs": {
        "nixpkgs": "nixpkgs",
        "nixpkgs-pyanrfutil": "nixpkgs-pyanrfutil"
      }
    }
  },
  "root": "root",
  "version": 7
}
