{
  "nodes": {
    "nixpkgs": {
      "locked": {
        "lastModified": 1702255901,
        "narHash": "sha256-3DKCieBq4DPTwI6POoMemFvH5bayEy8P6EiV6DaDLUw=",
        "owner": "StarGate01",
        "repo": "nixpkgs",
        "rev": "a1057c75d5bce6b879751a2a94b4821dd152f17a",
        "type": "github"
      },
      "original": {
        "owner": "StarGate01",
        "ref": "nrfconnect",
        "repo": "nixpkgs",
        "type": "github"
      }
    },
    "root": {
      "inputs": {
        "nixpkgs": "nixpkgs"
      }
    }
  },
  "root": "root",
  "version": 7
}
